
Microsoft Visual Studio Solution File, Format Version 12.00
# Visual Studio 15
Project("{FAE04EC0-301F-11D3-BF4B-00C04F79EFBC}") = "task-1", "task-1\task-1.csproj", "{7231A795-85B9-4789-9637-81D73563BB0A}"
EndProject
Project("{FAE04EC0-301F-11D3-BF4B-00C04F79EFBC}") = "task-2", "task-2\task-2.csproj", "{D5218448-CA58-4F85-B87D-DC312B610CDD}"
EndProject
Project("{FAE04EC0-301F-11D3-BF4B-00C04F79EFBC}") = "task-3", "task-3\task-3.csproj", "{E6B937F1-8BEE-4B63-8BF8-3631D624CAF9}"
EndProject
Project("{FAE04EC0-301F-11D3-BF4B-00C04F79EFBC}") = "task-4", "task-4\task-4.csproj", "{00ADF3FE-246E-444A-BB11-459A49077D83}"
EndProject
Project("{FAE04EC0-301F-11D3-BF4B-00C04F79EFBC}") = "task-5", "task-5\task-5.csproj", "{0BDF7B08-F9D0-4E15-B7C8-1ECE6EA7FF12}"
EndProject
Project("{FAE04EC0-301F-11D3-BF4B-00C04F79EFBC}") = "task-6", "task-6\task-6.csproj", "{4E55C1FE-33ED-4B5A-8DE4-906EE58DA1B7}"
EndProject
Global
	GlobalSection(SolutionConfigurationPlatforms) = preSolution
		Debug|x86 = Debug|x86
		Release|x86 = Release|x86
	EndGlobalSection
	GlobalSection(ProjectConfigurationPlatforms) = postSolution
		{7231A795-85B9-4789-9637-81D73563BB0A}.Debug|x86.ActiveCfg = Debug|x86
		{7231A795-85B9-4789-9637-81D73563BB0A}.Debug|x86.Build.0 = Debug|x86
		{7231A795-85B9-4789-9637-81D73563BB0A}.Release|x86.ActiveCfg = Release|x86
		{7231A795-85B9-4789-9637-81D73563BB0A}.Release|x86.Build.0 = Release|x86
		{D5218448-CA58-4F85-B87D-DC312B610CDD}.Debug|x86.ActiveCfg = Debug|x86
		{D5218448-CA58-4F85-B87D-DC312B610CDD}.Debug|x86.Build.0 = Debug|x86
		{D5218448-CA58-4F85-B87D-DC312B610CDD}.Release|x86.ActiveCfg = Release|x86
		{D5218448-CA58-4F85-B87D-DC312B610CDD}.Release|x86.Build.0 = Release|x86
		{E6B937F1-8BEE-4B63-8BF8-3631D624CAF9}.Debug|x86.ActiveCfg = Debug|x86
		{E6B937F1-8BEE-4B63-8BF8-3631D624CAF9}.Debug|x86.Build.0 = Debug|x86
		{E6B937F1-8BEE-4B63-8BF8-3631D624CAF9}.Release|x86.ActiveCfg = Release|x86
		{E6B937F1-8BEE-4B63-8BF8-3631D624CAF9}.Release|x86.Build.0 = Release|x86
		{00ADF3FE-246E-444A-BB11-459A49077D83}.Debug|x86.ActiveCfg = Debug|x86
		{00ADF3FE-246E-444A-BB11-459A49077D83}.Debug|x86.Build.0 = Debug|x86
		{00ADF3FE-246E-444A-BB11-459A49077D83}.Release|x86.ActiveCfg = Release|x86
		{00ADF3FE-246E-444A-BB11-459A49077D83}.Release|x86.Build.0 = Release|x86
		{0BDF7B08-F9D0-4E15-B7C8-1ECE6EA7FF12}.Debug|x86.ActiveCfg = Debug|x86
		{0BDF7B08-F9D0-4E15-B7C8-1ECE6EA7FF12}.Debug|x86.Build.0 = Debug|x86
		{0BDF7B08-F9D0-4E15-B7C8-1ECE6EA7FF12}.Release|x86.ActiveCfg = Release|x86
		{0BDF7B08-F9D0-4E15-B7C8-1ECE6EA7FF12}.Release|x86.Build.0 = Release|x86
		{4E55C1FE-33ED-4B5A-8DE4-906EE58DA1B7}.Debug|x86.ActiveCfg = Debug|x86
		{4E55C1FE-33ED-4B5A-8DE4-906EE58DA1B7}.Debug|x86.Build.0 = Debug|x86
		{4E55C1FE-33ED-4B5A-8DE4-906EE58DA1B7}.Release|x86.ActiveCfg = Release|x86
		{4E55C1FE-33ED-4B5A-8DE4-906EE58DA1B7}.Release|x86.Build.0 = Release|x86
	EndGlobalSection
EndGlobal
