
Microsoft Visual Studio Solution File, Format Version 12.00
# Visual Studio 15
Project("{FAE04EC0-301F-11D3-BF4B-00C04F79EFBC}") = "task-1", "task-1\task-1.csproj", "{876049CB-E2C1-4FD8-A6DE-9BE270E252EE}"
EndProject
Global
	GlobalSection(SolutionConfigurationPlatforms) = preSolution
		Debug|x86 = Debug|x86
		Release|x86 = Release|x86
	EndGlobalSection
	GlobalSection(ProjectConfigurationPlatforms) = postSolution
		{876049CB-E2C1-4FD8-A6DE-9BE270E252EE}.Debug|x86.ActiveCfg = Debug|x86
		{876049CB-E2C1-4FD8-A6DE-9BE270E252EE}.Debug|x86.Build.0 = Debug|x86
		{876049CB-E2C1-4FD8-A6DE-9BE270E252EE}.Release|x86.ActiveCfg = Release|x86
		{876049CB-E2C1-4FD8-A6DE-9BE270E252EE}.Release|x86.Build.0 = Release|x86
	EndGlobalSection
EndGlobal
